
Microsoft Visual Studio Solution File, Format Version 12.00
# Visual Studio Version 17
VisualStudioVersion = 17.11.35327.3
MinimumVisualStudioVersion = 10.0.40219.1
Project("{8BC9CEB8-8B4A-11D0-8D11-00A0C91BC942}") = "LuaAide", "LuaAide.vcxproj", "{A8208CF9-C2FD-45C6-9411-A4E6C8546D74}"
EndProject
Project("{8BC9CEB8-8B4A-11D0-8D11-00A0C91BC942}") = "alltag", "alltag.vcxproj", "{DD45F047-233F-4C33-BA1D-F3BD73F9A99C}"
EndProject
Project("{8BC9CEB8-8B4A-11D0-8D11-00A0C91BC942}") = "ulutest", "ulutest.vcxproj", "{8F4698FB-30BD-4BF9-B21B-63BD1AE51B30}"
EndProject
Project("{8BC9CEB8-8B4A-11D0-8D11-00A0C91BC942}") = "LuaAideTest", "LuaAideTest.vcxproj", "{421F0C8E-DC01-40FF-B105-A3DCB7CDDEF5}"
EndProject
Project("{8BC9CEB8-8B4A-11D0-8D11-00A0C91BC942}") = "Tester", "Tester.vcxproj", "{4DB8D54F-E085-4DCC-A3DD-DB5D79026D36}"
	ProjectSection(ProjectDependencies) = postProject
		{421F0C8E-DC01-40FF-B105-A3DCB7CDDEF5} = {421F0C8E-DC01-40FF-B105-A3DCB7CDDEF5}
		{8F4698FB-30BD-4BF9-B21B-63BD1AE51B30} = {8F4698FB-30BD-4BF9-B21B-63BD1AE51B30}
		{DD45F047-233F-4C33-BA1D-F3BD73F9A99C} = {DD45F047-233F-4C33-BA1D-F3BD73F9A99C}
	EndProjectSection
EndProject
Project("{8BC9CEB8-8B4A-11D0-8D11-00A0C91BC942}") = "example_a1", "example_a1.vcxproj", "{BC51A7D7-6BD8-411A-B9FC-BEF7A223EFA9}"
EndProject
Project("{2150E333-8FDC-42A3-9474-1A3956D46DE8}") = "examples", "examples", "{EAFFA23C-8949-4E97-A2F1-51F49C6259BB}"
EndProject
Project("{8BC9CEB8-8B4A-11D0-8D11-00A0C91BC942}") = "example_a2", "example_a2.vcxproj", "{F9F2FB2C-8AA0-43AA-AD3A-254CC9412DAC}"
EndProject
Project("{8BC9CEB8-8B4A-11D0-8D11-00A0C91BC942}") = "example_a3", "example_a3.vcxproj", "{7A3FE565-9863-424C-AE5C-F93997582FC0}"
EndProject
Project("{8BC9CEB8-8B4A-11D0-8D11-00A0C91BC942}") = "example_a4", "example_a4.vcxproj", "{E8B84474-A103-47D1-AC91-3D6E4F83B985}"
EndProject
Global
	GlobalSection(SolutionConfigurationPlatforms) = preSolution
		Debug|x64 = Debug|x64
		Debug|x86 = Debug|x86
		Release|x64 = Release|x64
		Release|x86 = Release|x86
	EndGlobalSection
	GlobalSection(ProjectConfigurationPlatforms) = postSolution
		{A8208CF9-C2FD-45C6-9411-A4E6C8546D74}.Debug|x64.ActiveCfg = Debug|x64
		{A8208CF9-C2FD-45C6-9411-A4E6C8546D74}.Debug|x64.Build.0 = Debug|x64
		{A8208CF9-C2FD-45C6-9411-A4E6C8546D74}.Debug|x86.ActiveCfg = Debug|Win32
		{A8208CF9-C2FD-45C6-9411-A4E6C8546D74}.Debug|x86.Build.0 = Debug|Win32
		{A8208CF9-C2FD-45C6-9411-A4E6C8546D74}.Release|x64.ActiveCfg = Release|x64
		{A8208CF9-C2FD-45C6-9411-A4E6C8546D74}.Release|x64.Build.0 = Release|x64
		{A8208CF9-C2FD-45C6-9411-A4E6C8546D74}.Release|x86.ActiveCfg = Release|Win32
		{A8208CF9-C2FD-45C6-9411-A4E6C8546D74}.Release|x86.Build.0 = Release|Win32
		{DD45F047-233F-4C33-BA1D-F3BD73F9A99C}.Debug|x64.ActiveCfg = Debug|x64
		{DD45F047-233F-4C33-BA1D-F3BD73F9A99C}.Debug|x64.Build.0 = Debug|x64
		{DD45F047-233F-4C33-BA1D-F3BD73F9A99C}.Debug|x86.ActiveCfg = Debug|Win32
		{DD45F047-233F-4C33-BA1D-F3BD73F9A99C}.Debug|x86.Build.0 = Debug|Win32
		{DD45F047-233F-4C33-BA1D-F3BD73F9A99C}.Release|x64.ActiveCfg = Release|x64
		{DD45F047-233F-4C33-BA1D-F3BD73F9A99C}.Release|x64.Build.0 = Release|x64
		{DD45F047-233F-4C33-BA1D-F3BD73F9A99C}.Release|x86.ActiveCfg = Release|Win32
		{DD45F047-233F-4C33-BA1D-F3BD73F9A99C}.Release|x86.Build.0 = Release|Win32
		{8F4698FB-30BD-4BF9-B21B-63BD1AE51B30}.Debug|x64.ActiveCfg = Debug|x64
		{8F4698FB-30BD-4BF9-B21B-63BD1AE51B30}.Debug|x64.Build.0 = Debug|x64
		{8F4698FB-30BD-4BF9-B21B-63BD1AE51B30}.Debug|x86.ActiveCfg = Debug|Win32
		{8F4698FB-30BD-4BF9-B21B-63BD1AE51B30}.Debug|x86.Build.0 = Debug|Win32
		{8F4698FB-30BD-4BF9-B21B-63BD1AE51B30}.Release|x64.ActiveCfg = Release|x64
		{8F4698FB-30BD-4BF9-B21B-63BD1AE51B30}.Release|x64.Build.0 = Release|x64
		{8F4698FB-30BD-4BF9-B21B-63BD1AE51B30}.Release|x86.ActiveCfg = Release|Win32
		{8F4698FB-30BD-4BF9-B21B-63BD1AE51B30}.Release|x86.Build.0 = Release|Win32
		{421F0C8E-DC01-40FF-B105-A3DCB7CDDEF5}.Debug|x64.ActiveCfg = Debug|x64
		{421F0C8E-DC01-40FF-B105-A3DCB7CDDEF5}.Debug|x64.Build.0 = Debug|x64
		{421F0C8E-DC01-40FF-B105-A3DCB7CDDEF5}.Debug|x86.ActiveCfg = Debug|Win32
		{421F0C8E-DC01-40FF-B105-A3DCB7CDDEF5}.Debug|x86.Build.0 = Debug|Win32
		{421F0C8E-DC01-40FF-B105-A3DCB7CDDEF5}.Release|x64.ActiveCfg = Release|x64
		{421F0C8E-DC01-40FF-B105-A3DCB7CDDEF5}.Release|x64.Build.0 = Release|x64
		{421F0C8E-DC01-40FF-B105-A3DCB7CDDEF5}.Release|x86.ActiveCfg = Release|Win32
		{421F0C8E-DC01-40FF-B105-A3DCB7CDDEF5}.Release|x86.Build.0 = Release|Win32
		{4DB8D54F-E085-4DCC-A3DD-DB5D79026D36}.Debug|x64.ActiveCfg = Debug|x64
		{4DB8D54F-E085-4DCC-A3DD-DB5D79026D36}.Debug|x64.Build.0 = Debug|x64
		{4DB8D54F-E085-4DCC-A3DD-DB5D79026D36}.Debug|x86.ActiveCfg = Debug|Win32
		{4DB8D54F-E085-4DCC-A3DD-DB5D79026D36}.Debug|x86.Build.0 = Debug|Win32
		{4DB8D54F-E085-4DCC-A3DD-DB5D79026D36}.Release|x64.ActiveCfg = Release|x64
		{4DB8D54F-E085-4DCC-A3DD-DB5D79026D36}.Release|x64.Build.0 = Release|x64
		{4DB8D54F-E085-4DCC-A3DD-DB5D79026D36}.Release|x86.ActiveCfg = Release|Win32
		{4DB8D54F-E085-4DCC-A3DD-DB5D79026D36}.Release|x86.Build.0 = Release|Win32
		{BC51A7D7-6BD8-411A-B9FC-BEF7A223EFA9}.Debug|x64.ActiveCfg = Debug|x64
		{BC51A7D7-6BD8-411A-B9FC-BEF7A223EFA9}.Debug|x64.Build.0 = Debug|x64
		{BC51A7D7-6BD8-411A-B9FC-BEF7A223EFA9}.Debug|x86.ActiveCfg = Debug|Win32
		{BC51A7D7-6BD8-411A-B9FC-BEF7A223EFA9}.Debug|x86.Build.0 = Debug|Win32
		{BC51A7D7-6BD8-411A-B9FC-BEF7A223EFA9}.Release|x64.ActiveCfg = Release|x64
		{BC51A7D7-6BD8-411A-B9FC-BEF7A223EFA9}.Release|x64.Build.0 = Release|x64
		{BC51A7D7-6BD8-411A-B9FC-BEF7A223EFA9}.Release|x86.ActiveCfg = Release|Win32
		{BC51A7D7-6BD8-411A-B9FC-BEF7A223EFA9}.Release|x86.Build.0 = Release|Win32
		{F9F2FB2C-8AA0-43AA-AD3A-254CC9412DAC}.Debug|x64.ActiveCfg = Debug|x64
		{F9F2FB2C-8AA0-43AA-AD3A-254CC9412DAC}.Debug|x64.Build.0 = Debug|x64
		{F9F2FB2C-8AA0-43AA-AD3A-254CC9412DAC}.Debug|x86.ActiveCfg = Debug|Win32
		{F9F2FB2C-8AA0-43AA-AD3A-254CC9412DAC}.Debug|x86.Build.0 = Debug|Win32
		{F9F2FB2C-8AA0-43AA-AD3A-254CC9412DAC}.Release|x64.ActiveCfg = Release|x64
		{F9F2FB2C-8AA0-43AA-AD3A-254CC9412DAC}.Release|x64.Build.0 = Release|x64
		{F9F2FB2C-8AA0-43AA-AD3A-254CC9412DAC}.Release|x86.ActiveCfg = Release|Win32
		{F9F2FB2C-8AA0-43AA-AD3A-254CC9412DAC}.Release|x86.Build.0 = Release|Win32
		{7A3FE565-9863-424C-AE5C-F93997582FC0}.Debug|x64.ActiveCfg = Debug|x64
		{7A3FE565-9863-424C-AE5C-F93997582FC0}.Debug|x64.Build.0 = Debug|x64
		{7A3FE565-9863-424C-AE5C-F93997582FC0}.Debug|x86.ActiveCfg = Debug|Win32
		{7A3FE565-9863-424C-AE5C-F93997582FC0}.Debug|x86.Build.0 = Debug|Win32
		{7A3FE565-9863-424C-AE5C-F93997582FC0}.Release|x64.ActiveCfg = Release|x64
		{7A3FE565-9863-424C-AE5C-F93997582FC0}.Release|x64.Build.0 = Release|x64
		{7A3FE565-9863-424C-AE5C-F93997582FC0}.Release|x86.ActiveCfg = Release|Win32
		{7A3FE565-9863-424C-AE5C-F93997582FC0}.Release|x86.Build.0 = Release|Win32
		{E8B84474-A103-47D1-AC91-3D6E4F83B985}.Debug|x64.ActiveCfg = Debug|x64
		{E8B84474-A103-47D1-AC91-3D6E4F83B985}.Debug|x64.Build.0 = Debug|x64
		{E8B84474-A103-47D1-AC91-3D6E4F83B985}.Debug|x86.ActiveCfg = Debug|Win32
		{E8B84474-A103-47D1-AC91-3D6E4F83B985}.Debug|x86.Build.0 = Debug|Win32
		{E8B84474-A103-47D1-AC91-3D6E4F83B985}.Release|x64.ActiveCfg = Release|x64
		{E8B84474-A103-47D1-AC91-3D6E4F83B985}.Release|x64.Build.0 = Release|x64
		{E8B84474-A103-47D1-AC91-3D6E4F83B985}.Release|x86.ActiveCfg = Release|Win32
		{E8B84474-A103-47D1-AC91-3D6E4F83B985}.Release|x86.Build.0 = Release|Win32
	EndGlobalSection
	GlobalSection(SolutionProperties) = preSolution
		HideSolutionNode = FALSE
	EndGlobalSection
	GlobalSection(NestedProjects) = preSolution
		{BC51A7D7-6BD8-411A-B9FC-BEF7A223EFA9} = {EAFFA23C-8949-4E97-A2F1-51F49C6259BB}
		{F9F2FB2C-8AA0-43AA-AD3A-254CC9412DAC} = {EAFFA23C-8949-4E97-A2F1-51F49C6259BB}
		{7A3FE565-9863-424C-AE5C-F93997582FC0} = {EAFFA23C-8949-4E97-A2F1-51F49C6259BB}
		{E8B84474-A103-47D1-AC91-3D6E4F83B985} = {EAFFA23C-8949-4E97-A2F1-51F49C6259BB}
	EndGlobalSection
	GlobalSection(ExtensibilityGlobals) = postSolution
		SolutionGuid = {D49EED2B-CD85-4489-A601-7AB2075537C9}
	EndGlobalSection
EndGlobal
